
Microsoft Visual Studio Solution File, Format Version 12.00
# Visual Studio Version 16
VisualStudioVersion = 16.0.28803.452
MinimumVisualStudioVersion = 10.0.40219.1
Project("{FAE04EC0-301F-11D3-BF4B-00C04F79EFBC}") = "reqem", "reqem\reqem.csproj", "{7EAE3A0B-8B6B-4567-ACF7-2F14FA0E60E0}"
EndProject
Global
	GlobalSection(SolutionConfigurationPlatforms) = preSolution
		Debug|Any CPU = Debug|Any CPU
		Release|Any CPU = Release|Any CPU
	EndGlobalSection
	GlobalSection(ProjectConfigurationPlatforms) = postSolution
		{7EAE3A0B-8B6B-4567-ACF7-2F14FA0E60E0}.Debug|Any CPU.ActiveCfg = Debug|Any CPU
		{7EAE3A0B-8B6B-4567-ACF7-2F14FA0E60E0}.Debug|Any CPU.Build.0 = Debug|Any CPU
		{7EAE3A0B-8B6B-4567-ACF7-2F14FA0E60E0}.Release|Any CPU.ActiveCfg = Release|Any CPU
		{7EAE3A0B-8B6B-4567-ACF7-2F14FA0E60E0}.Release|Any CPU.Build.0 = Release|Any CPU
	EndGlobalSection
	GlobalSection(SolutionProperties) = preSolution
		HideSolutionNode = FALSE
	EndGlobalSection
	GlobalSection(ExtensibilityGlobals) = postSolution
		SolutionGuid = {81ECAB71-AD13-4877-AB1D-521BB7A476BB}
	EndGlobalSection
EndGlobal
